
Microsoft Visual Studio Solution File, Format Version 12.00
# Visual Studio Version 16
VisualStudioVersion = 16.0.30621.155
MinimumVisualStudioVersion = 10.0.40219.1
Project("{FAE04EC0-301F-11D3-BF4B-00C04F79EFBC}") = "Perinta-esimerkki", "Perinta-esimerkki\Perinta-esimerkki.csproj", "{DB8E18EC-B5E3-4778-990B-F00D9556EA11}"
EndProject
Global
	GlobalSection(SolutionConfigurationPlatforms) = preSolution
		Debug|Any CPU = Debug|Any CPU
		Release|Any CPU = Release|Any CPU
	EndGlobalSection
	GlobalSection(ProjectConfigurationPlatforms) = postSolution
		{DB8E18EC-B5E3-4778-990B-F00D9556EA11}.Debug|Any CPU.ActiveCfg = Debug|Any CPU
		{DB8E18EC-B5E3-4778-990B-F00D9556EA11}.Debug|Any CPU.Build.0 = Debug|Any CPU
		{DB8E18EC-B5E3-4778-990B-F00D9556EA11}.Release|Any CPU.ActiveCfg = Release|Any CPU
		{DB8E18EC-B5E3-4778-990B-F00D9556EA11}.Release|Any CPU.Build.0 = Release|Any CPU
	EndGlobalSection
	GlobalSection(SolutionProperties) = preSolution
		HideSolutionNode = FALSE
	EndGlobalSection
	GlobalSection(ExtensibilityGlobals) = postSolution
		SolutionGuid = {7C5B1E4B-C3A5-4613-9340-99DF6E4AE76D}
	EndGlobalSection
EndGlobal
